
Microsoft Visual Studio Solution File, Format Version 12.00
# Visual Studio Version 16
VisualStudioVersion = 16.0.31321.278
MinimumVisualStudioVersion = 10.0.40219.1
Project("{2150E333-8FDC-42A3-9474-1A3956D46DE8}") = "Services", "Services", "{BE3C8ED2-E862-4A4F-981C-BC3DA0160185}"
EndProject
Project("{FAE04EC0-301F-11D3-BF4B-00C04F79EFBC}") = "WebAPI.ASPNet.Core5.API", "src\WebAPI.ASPNet.Core5.API\WebAPI.ASPNet.Core5.API.csproj", "{2EDBFEB1-F41E-45BC-935F-D94877530D81}"
EndProject
Global
	GlobalSection(SolutionConfigurationPlatforms) = preSolution
		Debug|Any CPU = Debug|Any CPU
		Release|Any CPU = Release|Any CPU
	EndGlobalSection
	GlobalSection(ProjectConfigurationPlatforms) = postSolution
		{2EDBFEB1-F41E-45BC-935F-D94877530D81}.Debug|Any CPU.ActiveCfg = Debug|Any CPU
		{2EDBFEB1-F41E-45BC-935F-D94877530D81}.Debug|Any CPU.Build.0 = Debug|Any CPU
		{2EDBFEB1-F41E-45BC-935F-D94877530D81}.Release|Any CPU.ActiveCfg = Release|Any CPU
		{2EDBFEB1-F41E-45BC-935F-D94877530D81}.Release|Any CPU.Build.0 = Release|Any CPU
	EndGlobalSection
	GlobalSection(SolutionProperties) = preSolution
		HideSolutionNode = FALSE
	EndGlobalSection
	GlobalSection(NestedProjects) = preSolution
		{2EDBFEB1-F41E-45BC-935F-D94877530D81} = {BE3C8ED2-E862-4A4F-981C-BC3DA0160185}
	EndGlobalSection
	GlobalSection(ExtensibilityGlobals) = postSolution
		SolutionGuid = {47D1FD88-E268-444F-8F03-705A0EA0DC43}
	EndGlobalSection
EndGlobal
